
Microsoft Visual Studio Solution File, Format Version 12.00
# Visual Studio Version 16
VisualStudioVersion = 16.0.31321.278
MinimumVisualStudioVersion = 10.0.40219.1
Project("{9A19103F-16F7-4668-BE54-9A1E7A4F7556}") = "eportfolioCS", "eportfolioCS\eportfolioCS.csproj", "{929EA4DC-6906-4ED5-8F19-16D6A9719EB7}"
EndProject
Project("{FAE04EC0-301F-11D3-BF4B-00C04F79EFBC}") = "eportfolioCS.DAL", "eportfolioCS.DAL\eportfolioCS.DAL.csproj", "{D675E68C-F27D-4E0F-9619-1BF57EFD1FC8}"
EndProject
Global
	GlobalSection(SolutionConfigurationPlatforms) = preSolution
		Debug|Any CPU = Debug|Any CPU
		Release|Any CPU = Release|Any CPU
	EndGlobalSection
	GlobalSection(ProjectConfigurationPlatforms) = postSolution
		{929EA4DC-6906-4ED5-8F19-16D6A9719EB7}.Debug|Any CPU.ActiveCfg = Debug|Any CPU
		{929EA4DC-6906-4ED5-8F19-16D6A9719EB7}.Debug|Any CPU.Build.0 = Debug|Any CPU
		{929EA4DC-6906-4ED5-8F19-16D6A9719EB7}.Release|Any CPU.ActiveCfg = Release|Any CPU
		{929EA4DC-6906-4ED5-8F19-16D6A9719EB7}.Release|Any CPU.Build.0 = Release|Any CPU
		{D675E68C-F27D-4E0F-9619-1BF57EFD1FC8}.Debug|Any CPU.ActiveCfg = Debug|Any CPU
		{D675E68C-F27D-4E0F-9619-1BF57EFD1FC8}.Debug|Any CPU.Build.0 = Debug|Any CPU
		{D675E68C-F27D-4E0F-9619-1BF57EFD1FC8}.Release|Any CPU.ActiveCfg = Release|Any CPU
		{D675E68C-F27D-4E0F-9619-1BF57EFD1FC8}.Release|Any CPU.Build.0 = Release|Any CPU
	EndGlobalSection
	GlobalSection(SolutionProperties) = preSolution
		HideSolutionNode = FALSE
	EndGlobalSection
	GlobalSection(ExtensibilityGlobals) = postSolution
		SolutionGuid = {A4491B7C-9D52-4207-9EC4-FC096490B8AE}
	EndGlobalSection
EndGlobal
